// !$*UTF8*$!
{
	archiveVersion = 1;
	classes = {
	};
	objectVersion = 56;
	objects = {

/* Begin PBXBuildFile section */
		9B627E742A7ED67C00FFBDF2 /* DetailsView.swift in Sources */ = {isa = PBXBuildFile; fileRef = 9B627E732A7ED67C00FFBDF2 /* DetailsView.swift */; };
		FFF9AE102A7D81C400BA0BDB /* ProjectHibahApp.swift in Sources */ = {isa = PBXBuildFile; fileRef = FFF9AE0F2A7D81C400BA0BDB /* ProjectHibahApp.swift */; };
		FFF9AE122A7D81C400BA0BDB /* ListView.swift in Sources */ = {isa = PBXBuildFile; fileRef = FFF9AE112A7D81C400BA0BDB /* ListView.swift */; };
		FFF9AE142A7D81C500BA0BDB /* Assets.xcassets in Resources */ = {isa = PBXBuildFile; fileRef = FFF9AE132A7D81C500BA0BDB /* Assets.xcassets */; };
		FFF9AE172A7D81C500BA0BDB /* Preview Assets.xcassets in Resources */ = {isa = PBXBuildFile; fileRef = FFF9AE162A7D81C500BA0BDB /* Preview Assets.xcassets */; };
		FFF9AE232A7D846800BA0BDB /* ListRowView.swift in Sources */ = {isa = PBXBuildFile; fileRef = FFF9AE222A7D846800BA0BDB /* ListRowView.swift */; };
		FFF9AE252A7D892C00BA0BDB /* AddView.swift in Sources */ = {isa = PBXBuildFile; fileRef = FFF9AE242A7D892C00BA0BDB /* AddView.swift */; };
		FFF9AE272A7D8D6900BA0BDB /* TaskModel.swift in Sources */ = {isa = PBXBuildFile; fileRef = FFF9AE262A7D8D6900BA0BDB /* TaskModel.swift */; };
		FFF9AE292A7D948800BA0BDB /* ListViewModel.swift in Sources */ = {isa = PBXBuildFile; fileRef = FFF9AE282A7D948800BA0BDB /* ListViewModel.swift */; };
/* End PBXBuildFile section */

/* Begin PBXFileReference section */
		9B627E732A7ED67C00FFBDF2 /* DetailsView.swift */ = {isa = PBXFileReference; lastKnownFileType = sourcecode.swift; path = DetailsView.swift; sourceTree = "<group>"; };
		FFF9AE0C2A7D81C400BA0BDB /* ProjectHibah.app */ = {isa = PBXFileReference; explicitFileType = wrapper.application; includeInIndex = 0; path = ProjectHibah.app; sourceTree = BUILT_PRODUCTS_DIR; };
		FFF9AE0F2A7D81C400BA0BDB /* ProjectHibahApp.swift */ = {isa = PBXFileReference; lastKnownFileType = sourcecode.swift; path = ProjectHibahApp.swift; sourceTree = "<group>"; };
		FFF9AE112A7D81C400BA0BDB /* ListView.swift */ = {isa = PBXFileReference; lastKnownFileType = sourcecode.swift; path = ListView.swift; sourceTree = "<group>"; };
		FFF9AE132A7D81C500BA0BDB /* Assets.xcassets */ = {isa = PBXFileReference; lastKnownFileType = folder.assetcatalog; path = Assets.xcassets; sourceTree = "<group>"; };
		FFF9AE162A7D81C500BA0BDB /* Preview Assets.xcassets */ = {isa = PBXFileReference; lastKnownFileType = folder.assetcatalog; path = "Preview Assets.xcassets"; sourceTree = "<group>"; };
		FFF9AE222A7D846800BA0BDB /* ListRowView.swift */ = {isa = PBXFileReference; lastKnownFileType = sourcecode.swift; path = ListRowView.swift; sourceTree = "<group>"; };
		FFF9AE242A7D892C00BA0BDB /* AddView.swift */ = {isa = PBXFileReference; lastKnownFileType = sourcecode.swift; path = AddView.swift; sourceTree = "<group>"; };
		FFF9AE262A7D8D6900BA0BDB /* TaskModel.swift */ = {isa = PBXFileReference; lastKnownFileType = sourcecode.swift; path = TaskModel.swift; sourceTree = "<group>"; };
		FFF9AE282A7D948800BA0BDB /* ListViewModel.swift */ = {isa = PBXFileReference; lastKnownFileType = sourcecode.swift; path = ListViewModel.swift; sourceTree = "<group>"; };
/* End PBXFileReference section */

/* Begin PBXFrameworksBuildPhase section */
		FFF9AE092A7D81C400BA0BDB /* Frameworks */ = {
			isa = PBXFrameworksBuildPhase;
			buildActionMask = 2147483647;
			files = (
			);
			runOnlyForDeploymentPostprocessing = 0;
		};
/* End PBXFrameworksBuildPhase section */

/* Begin PBXGroup section */
		FFF9AE032A7D81C400BA0BDB = {
			isa = PBXGroup;
			children = (
				FFF9AE0E2A7D81C400BA0BDB /* ProjectHibah */,
				FFF9AE0D2A7D81C400BA0BDB /* Products */,
			);
			sourceTree = "<group>";
		};
		FFF9AE0D2A7D81C400BA0BDB /* Products */ = {
			isa = PBXGroup;
			children = (
				FFF9AE0C2A7D81C400BA0BDB /* ProjectHibah.app */,
			);
			name = Products;
			sourceTree = "<group>";
		};
		FFF9AE0E2A7D81C400BA0BDB /* ProjectHibah */ = {
			isa = PBXGroup;
			children = (
				FFF9AE0F2A7D81C400BA0BDB /* ProjectHibahApp.swift */,
				FFF9AE1D2A7D824C00BA0BDB /* Views */,
				FFF9AE212A7D82AE00BA0BDB /* VewModels */,
				FFF9AE202A7D829400BA0BDB /* Models */,
				FFF9AE132A7D81C500BA0BDB /* Assets.xcassets */,
				FFF9AE152A7D81C500BA0BDB /* Preview Content */,
			);
			path = ProjectHibah;
			sourceTree = "<group>";
		};
		FFF9AE152A7D81C500BA0BDB /* Preview Content */ = {
			isa = PBXGroup;
			children = (
				FFF9AE162A7D81C500BA0BDB /* Preview Assets.xcassets */,
			);
			path = "Preview Content";
			sourceTree = "<group>";
		};
		FFF9AE1D2A7D824C00BA0BDB /* Views */ = {
			isa = PBXGroup;
			children = (
				FFF9AE112A7D81C400BA0BDB /* ListView.swift */,
				FFF9AE222A7D846800BA0BDB /* ListRowView.swift */,
				FFF9AE242A7D892C00BA0BDB /* AddView.swift */,
				9B627E732A7ED67C00FFBDF2 /* DetailsView.swift */,
			);
			path = Views;
			sourceTree = "<group>";
		};
		FFF9AE202A7D829400BA0BDB /* Models */ = {
			isa = PBXGroup;
			children = (
				FFF9AE262A7D8D6900BA0BDB /* TaskModel.swift */,
			);
			path = Models;
			sourceTree = "<group>";
		};
		FFF9AE212A7D82AE00BA0BDB /* VewModels */ = {
			isa = PBXGroup;
			children = (
				FFF9AE282A7D948800BA0BDB /* ListViewModel.swift */,
			);
			path = VewModels;
			sourceTree = "<group>";
		};
/* End PBXGroup section */

/* Begin PBXNativeTarget section */
		FFF9AE0B2A7D81C400BA0BDB /* ProjectHibah */ = {
			isa = PBXNativeTarget;
			buildConfigurationList = FFF9AE1A2A7D81C500BA0BDB /* Build configuration list for PBXNativeTarget "ProjectHibah" */;
			buildPhases = (
				FFF9AE082A7D81C400BA0BDB /* Sources */,
				FFF9AE092A7D81C400BA0BDB /* Frameworks */,
				FFF9AE0A2A7D81C400BA0BDB /* Resources */,
			);
			buildRules = (
			);
			dependencies = (
			);
			name = ProjectHibah;
			productName = ProjectHibah;
			productReference = FFF9AE0C2A7D81C400BA0BDB /* ProjectHibah.app */;
			productType = "com.apple.product-type.application";
		};
/* End PBXNativeTarget section */

/* Begin PBXProject section */
		FFF9AE042A7D81C400BA0BDB /* Project object */ = {
			isa = PBXProject;
			attributes = {
				BuildIndependentTargetsInParallel = 1;
				LastSwiftUpdateCheck = 1430;
				LastUpgradeCheck = 1430;
				TargetAttributes = {
					FFF9AE0B2A7D81C400BA0BDB = {
						CreatedOnToolsVersion = 14.3.1;
					};
				};
			};
			buildConfigurationList = FFF9AE072A7D81C400BA0BDB /* Build configuration list for PBXProject "ProjectHibah" */;
			compatibilityVersion = "Xcode 14.0";
			developmentRegion = en;
			hasScannedForEncodings = 0;
			knownRegions = (
				en,
				Base,
			);
			mainGroup = FFF9AE032A7D81C400BA0BDB;
			productRefGroup = FFF9AE0D2A7D81C400BA0BDB /* Products */;
			projectDirPath = "";
			projectRoot = "";
			targets = (
				FFF9AE0B2A7D81C400BA0BDB /* ProjectHibah */,
			);
		};
/* End PBXProject section */

/* Begin PBXResourcesBuildPhase section */
		FFF9AE0A2A7D81C400BA0BDB /* Resources */ = {
			isa = PBXResourcesBuildPhase;
			buildActionMask = 2147483647;
			files = (
				FFF9AE172A7D81C500BA0BDB /* Preview Assets.xcassets in Resources */,
				FFF9AE142A7D81C500BA0BDB /* Assets.xcassets in Resources */,
			);
			runOnlyForDeploymentPostprocessing = 0;
		};
/* End PBXResourcesBuildPhase section */

/* Begin PBXSourcesBuildPhase section */
		FFF9AE082A7D81C400BA0BDB /* Sources */ = {
			isa = PBXSourcesBuildPhase;
			buildActionMask = 2147483647;
			files = (
				FFF9AE272A7D8D6900BA0BDB /* TaskModel.swift in Sources */,
				9B627E742A7ED67C00FFBDF2 /* DetailsView.swift in Sources */,
				FFF9AE252A7D892C00BA0BDB /* AddView.swift in Sources */,
				FFF9AE292A7D948800BA0BDB /* ListViewModel.swift in Sources */,
				FFF9AE122A7D81C400BA0BDB /* ListView.swift in Sources */,
				FFF9AE102A7D81C400BA0BDB /* ProjectHibahApp.swift in Sources */,
				FFF9AE232A7D846800BA0BDB /* ListRowView.swift in Sources */,
			);
			runOnlyForDeploymentPostprocessing = 0;
		};
/* End PBXSourcesBuildPhase section */

/* Begin XCBuildConfiguration section */
		FFF9AE182A7D81C500BA0BDB /* Debug */ = {
			isa = XCBuildConfiguration;
			buildSettings = {
				ALWAYS_SEARCH_USER_PATHS = NO;
				CLANG_ANALYZER_NONNULL = YES;
				CLANG_ANALYZER_NUMBER_OBJECT_CONVERSION = YES_AGGRESSIVE;
				CLANG_CXX_LANGUAGE_STANDARD = "gnu++20";
				CLANG_ENABLE_MODULES = YES;
				CLANG_ENABLE_OBJC_ARC = YES;
				CLANG_ENABLE_OBJC_WEAK = YES;
				CLANG_WARN_BLOCK_CAPTURE_AUTORELEASING = YES;
				CLANG_WARN_BOOL_CONVERSION = YES;
				CLANG_WARN_COMMA = YES;
				CLANG_WARN_CONSTANT_CONVERSION = YES;
				CLANG_WARN_DEPRECATED_OBJC_IMPLEMENTATIONS = YES;
				CLANG_WARN_DIRECT_OBJC_ISA_USAGE = YES_ERROR;
				CLANG_WARN_DOCUMENTATION_COMMENTS = YES;
				CLANG_WARN_EMPTY_BODY = YES;
				CLANG_WARN_ENUM_CONVERSION = YES;
				CLANG_WARN_INFINITE_RECURSION = YES;
				CLANG_WARN_INT_CONVERSION = YES;
				CLANG_WARN_NON_LITERAL_NULL_CONVERSION = YES;
				CLANG_WARN_OBJC_IMPLICIT_RETAIN_SELF = YES;
				CLANG_WARN_OBJC_LITERAL_CONVERSION = YES;
				CLANG_WARN_OBJC_ROOT_CLASS = YES_ERROR;
				CLANG_WARN_QUOTED_INCLUDE_IN_FRAMEWORK_HEADER = YES;
				CLANG_WARN_RANGE_LOOP_ANALYSIS = YES;
				CLANG_WARN_STRICT_PROTOTYPES = YES;
				CLANG_WARN_SUSPICIOUS_MOVE = YES;
				CLANG_WARN_UNGUARDED_AVAILABILITY = YES_AGGRESSIVE;
				CLANG_WARN_UNREACHABLE_CODE = YES;
				CLANG_WARN__DUPLICATE_METHOD_MATCH = YES;
				COPY_PHASE_STRIP = NO;
				DEBUG_INFORMATION_FORMAT = dwarf;
				ENABLE_STRICT_OBJC_MSGSEND = YES;
				ENABLE_TESTABILITY = YES;
				GCC_C_LANGUAGE_STANDARD = gnu11;
				GCC_DYNAMIC_NO_PIC = NO;
				GCC_NO_COMMON_BLOCKS = YES;
				GCC_OPTIMIZATION_LEVEL = 0;
				GCC_PREPROCESSOR_DEFINITIONS = (
					"DEBUG=1",
					"$(inherited)",
				);
				GCC_WARN_64_TO_32_BIT_CONVERSION = YES;
				GCC_WARN_ABOUT_RETURN_TYPE = YES_ERROR;
				GCC_WARN_UNDECLARED_SELECTOR = YES;
				GCC_WARN_UNINITIALIZED_AUTOS = YES_AGGRESSIVE;
				GCC_WARN_UNUSED_FUNCTION = YES;
				GCC_WARN_UNUSED_VARIABLE = YES;
				IPHONEOS_DEPLOYMENT_TARGET = 16.4;
				MTL_ENABLE_DEBUG_INFO = INCLUDE_SOURCE;
				MTL_FAST_MATH = YES;
				ONLY_ACTIVE_ARCH = YES;
				SDKROOT = iphoneos;
				SWIFT_ACTIVE_COMPILATION_CONDITIONS = DEBUG;
				SWIFT_OPTIMIZATION_LEVEL = "-Onone";
			};
			name = Debug;
		};
		FFF9AE192A7D81C500BA0BDB /* Release */ = {
			isa = XCBuildConfiguration;
			buildSettings = {
				ALWAYS_SEARCH_USER_PATHS = NO;
				CLANG_ANALYZER_NONNULL = YES;
				CLANG_ANALYZER_NUMBER_OBJECT_CONVERSION = YES_AGGRESSIVE;
				CLANG_CXX_LANGUAGE_STANDARD = "gnu++20";
				CLANG_ENABLE_MODULES = YES;
				CLANG_ENABLE_OBJC_ARC = YES;
				CLANG_ENABLE_OBJC_WEAK = YES;
				CLANG_WARN_BLOCK_CAPTURE_AUTORELEASING = YES;
				CLANG_WARN_BOOL_CONVERSION = YES;
				CLANG_WARN_COMMA = YES;
				CLANG_WARN_CONSTANT_CONVERSION = YES;
				CLANG_WARN_DEPRECATED_OBJC_IMPLEMENTATIONS = YES;
				CLANG_WARN_DIRECT_OBJC_ISA_USAGE = YES_ERROR;
				CLANG_WARN_DOCUMENTATION_COMMENTS = YES;
				CLANG_WARN_EMPTY_BODY = YES;
				CLANG_WARN_ENUM_CONVERSION = YES;
				CLANG_WARN_INFINITE_RECURSION = YES;
				CLANG_WARN_INT_CONVERSION = YES;
				CLANG_WARN_NON_LITERAL_NULL_CONVERSION = YES;
				CLANG_WARN_OBJC_IMPLICIT_RETAIN_SELF = YES;
				CLANG_WARN_OBJC_LITERAL_CONVERSION = YES;
				CLANG_WARN_OBJC_ROOT_CLASS = YES_ERROR;
				CLANG_WARN_QUOTED_INCLUDE_IN_FRAMEWORK_HEADER = YES;
				CLANG_WARN_RANGE_LOOP_ANALYSIS = YES;
				CLANG_WARN_STRICT_PROTOTYPES = YES;
				CLANG_WARN_SUSPICIOUS_MOVE = YES;
				CLANG_WARN_UNGUARDED_AVAILABILITY = YES_AGGRESSIVE;
				CLANG_WARN_UNREACHABLE_CODE = YES;
				CLANG_WARN__DUPLICATE_METHOD_MATCH = YES;
				COPY_PHASE_STRIP = NO;
				DEBUG_INFORMATION_FORMAT = "dwarf-with-dsym";
				ENABLE_NS_ASSERTIONS = NO;
				ENABLE_STRICT_OBJC_MSGSEND = YES;
				GCC_C_LANGUAGE_STANDARD = gnu11;
				GCC_NO_COMMON_BLOCKS = YES;
				GCC_WARN_64_TO_32_BIT_CONVERSION = YES;
				GCC_WARN_ABOUT_RETURN_TYPE = YES_ERROR;
				GCC_WARN_UNDECLARED_SELECTOR = YES;
				GCC_WARN_UNINITIALIZED_AUTOS = YES_AGGRESSIVE;
				GCC_WARN_UNUSED_FUNCTION = YES;
				GCC_WARN_UNUSED_VARIABLE = YES;
				IPHONEOS_DEPLOYMENT_TARGET = 16.4;
				MTL_ENABLE_DEBUG_INFO = NO;
				MTL_FAST_MATH = YES;
				SDKROOT = iphoneos;
				SWIFT_COMPILATION_MODE = wholemodule;
				SWIFT_OPTIMIZATION_LEVEL = "-O";
				VALIDATE_PRODUCT = YES;
			};
			name = Release;
		};
		FFF9AE1B2A7D81C500BA0BDB /* Debug */ = {
			isa = XCBuildConfiguration;
			buildSettings = {
				ASSETCATALOG_COMPILER_APPICON_NAME = AppIcon;
				ASSETCATALOG_COMPILER_GLOBAL_ACCENT_COLOR_NAME = AccentColor;
				CODE_SIGN_STYLE = Automatic;
				CURRENT_PROJECT_VERSION = 1;
				DEVELOPMENT_ASSET_PATHS = "\"ProjectHibah/Preview Content\"";
				DEVELOPMENT_TEAM = 8P4ARXG8LG;
				ENABLE_PREVIEWS = YES;
				GENERATE_INFOPLIST_FILE = YES;
				INFOPLIST_KEY_UIApplicationSceneManifest_Generation = YES;
				INFOPLIST_KEY_UIApplicationSupportsIndirectInputEvents = YES;
				INFOPLIST_KEY_UILaunchScreen_Generation = YES;
				INFOPLIST_KEY_UISupportedInterfaceOrientations_iPad = "UIInterfaceOrientationPortrait UIInterfaceOrientationPortraitUpsideDown UIInterfaceOrientationLandscapeLeft UIInterfaceOrientationLandscapeRight";
				INFOPLIST_KEY_UISupportedInterfaceOrientations_iPhone = "UIInterfaceOrientationPortrait UIInterfaceOrientationLandscapeLeft UIInterfaceOrientationLandscapeRight";
				LD_RUNPATH_SEARCH_PATHS = (
					"$(inherited)",
					"@executable_path/Frameworks",
				);
				MARKETING_VERSION = 1.0;
				PRODUCT_BUNDLE_IDENTIFIER = hibah.ProjectHibah;
				PRODUCT_NAME = "$(TARGET_NAME)";
				SWIFT_EMIT_LOC_STRINGS = YES;
				SWIFT_VERSION = 5.0;
				TARGETED_DEVICE_FAMILY = "1,2";
			};
			name = Debug;
		};
		FFF9AE1C2A7D81C500BA0BDB /* Release */ = {
			isa = XCBuildConfiguration;
			buildSettings = {
				ASSETCATALOG_COMPILER_APPICON_NAME = AppIcon;
				ASSETCATALOG_COMPILER_GLOBAL_ACCENT_COLOR_NAME = AccentColor;
				CODE_SIGN_STYLE = Automatic;
				CURRENT_PROJECT_VERSION = 1;
				DEVELOPMENT_ASSET_PATHS = "\"ProjectHibah/Preview Content\"";
				DEVELOPMENT_TEAM = 8P4ARXG8LG;
				ENABLE_PREVIEWS = YES;
				GENERATE_INFOPLIST_FILE = YES;
				INFOPLIST_KEY_UIApplicationSceneManifest_Generation = YES;
				INFOPLIST_KEY_UIApplicationSupportsIndirectInputEvents = YES;
				INFOPLIST_KEY_UILaunchScreen_Generation = YES;
				INFOPLIST_KEY_UISupportedInterfaceOrientations_iPad = "UIInterfaceOrientationPortrait UIInterfaceOrientationPortraitUpsideDown UIInterfaceOrientationLandscapeLeft UIInterfaceOrientationLandscapeRight";
				INFOPLIST_KEY_UISupportedInterfaceOrientations_iPhone = "UIInterfaceOrientationPortrait UIInterfaceOrientationLandscapeLeft UIInterfaceOrientationLandscapeRight";
				LD_RUNPATH_SEARCH_PATHS = (
					"$(inherited)",
					"@executable_path/Frameworks",
				);
				MARKETING_VERSION = 1.0;
				PRODUCT_BUNDLE_IDENTIFIER = hibah.ProjectHibah;
				PRODUCT_NAME = "$(TARGET_NAME)";
				SWIFT_EMIT_LOC_STRINGS = YES;
				SWIFT_VERSION = 5.0;
				TARGETED_DEVICE_FAMILY = "1,2";
			};
			name = Release;
		};
/* End XCBuildConfiguration section */

/* Begin XCConfigurationList section */
		FFF9AE072A7D81C400BA0BDB /* Build configuration list for PBXProject "ProjectHibah" */ = {
			isa = XCConfigurationList;
			buildConfigurations = (
				FFF9AE182A7D81C500BA0BDB /* Debug */,
				FFF9AE192A7D81C500BA0BDB /* Release */,
			);
			defaultConfigurationIsVisible = 0;
			defaultConfigurationName = Release;
		};
		FFF9AE1A2A7D81C500BA0BDB /* Build configuration list for PBXNativeTarget "ProjectHibah" */ = {
			isa = XCConfigurationList;
			buildConfigurations = (
				FFF9AE1B2A7D81C500BA0BDB /* Debug */,
				FFF9AE1C2A7D81C500BA0BDB /* Release */,
			);
			defaultConfigurationIsVisible = 0;
			defaultConfigurationName = Release;
		};
/* End XCConfigurationList section */
	};
	rootObject = FFF9AE042A7D81C400BA0BDB /* Project object */;
}
